
Microsoft Visual Studio Solution File, Format Version 12.00
# Visual Studio 15
Project("{FAE04EC0-301F-11D3-BF4B-00C04F79EFBC}") = "Assembly-CSharp", "Assembly-CSharp.csproj", "{F37FDCA9-EA70-2829-1C18-58D3D306F039}"
EndProject
Project("{FAE04EC0-301F-11D3-BF4B-00C04F79EFBC}") = "Tests", "Tests.csproj", "{719DC69A-9E49-9E6C-CF58-438CF997870D}"
EndProject
Project("{FAE04EC0-301F-11D3-BF4B-00C04F79EFBC}") = "Assembly-CSharp-Editor-firstpass", "Assembly-CSharp-Editor-firstpass.csproj", "{5C002476-4418-AF26-7AD3-EB494F398315}"
EndProject
Global
	GlobalSection(SolutionConfigurationPlatforms) = preSolution
		Debug|Any CPU = Debug|Any CPU
		Release|Any CPU = Release|Any CPU
	EndGlobalSection
	GlobalSection(ProjectConfigurationPlatforms) = postSolution
		{F37FDCA9-EA70-2829-1C18-58D3D306F039}.Debug|Any CPU.ActiveCfg = Debug|Any CPU
		{F37FDCA9-EA70-2829-1C18-58D3D306F039}.Debug|Any CPU.Build.0 = Debug|Any CPU
		{F37FDCA9-EA70-2829-1C18-58D3D306F039}.Release|Any CPU.ActiveCfg = Release|Any CPU
		{F37FDCA9-EA70-2829-1C18-58D3D306F039}.Release|Any CPU.Build.0 = Release|Any CPU
		{719DC69A-9E49-9E6C-CF58-438CF997870D}.Debug|Any CPU.ActiveCfg = Debug|Any CPU
		{719DC69A-9E49-9E6C-CF58-438CF997870D}.Debug|Any CPU.Build.0 = Debug|Any CPU
		{719DC69A-9E49-9E6C-CF58-438CF997870D}.Release|Any CPU.ActiveCfg = Release|Any CPU
		{719DC69A-9E49-9E6C-CF58-438CF997870D}.Release|Any CPU.Build.0 = Release|Any CPU
		{5C002476-4418-AF26-7AD3-EB494F398315}.Debug|Any CPU.ActiveCfg = Debug|Any CPU
		{5C002476-4418-AF26-7AD3-EB494F398315}.Debug|Any CPU.Build.0 = Debug|Any CPU
		{5C002476-4418-AF26-7AD3-EB494F398315}.Release|Any CPU.ActiveCfg = Release|Any CPU
		{5C002476-4418-AF26-7AD3-EB494F398315}.Release|Any CPU.Build.0 = Release|Any CPU
	EndGlobalSection
	GlobalSection(SolutionProperties) = preSolution
		HideSolutionNode = FALSE
	EndGlobalSection
EndGlobal
